Microsoft Visual Studio Solution File, Format Version 11.00
# Visual Studio 2010
Project("{8BC9CEB8-8B4A-11D0-8D11-00A0C91BC942}") = "DiskData", "DiskData.vcxproj", "{1D932ED0-33E5-4493-8C8D-FB162488CAC8}"
EndProject
Project("{2150E333-8FDC-42A3-9474-1A3956D46DE8}") = "Solution Items", "Solution Items", "{373F6246-121A-4D71-B8CD-531733990879}"
	ProjectSection(SolutionItems) = preProject
		bugs.txt = bugs.txt
		CDiskAnalysis.txt = CDiskAnalysis.txt
		Ideas.txt = Ideas.txt
		Notes.txt = Notes.txt
		TextFile1.txt = TextFile1.txt
	EndProjectSection
EndProject
Global
	GlobalSection(SolutionConfigurationPlatforms) = preSolution
		Debug|Win32 = Debug|Win32
		Release|Win32 = Release|Win32
	EndGlobalSection
	GlobalSection(ProjectConfigurationPlatforms) = postSolution
		{1D932ED0-33E5-4493-8C8D-FB162488CAC8}.Debug|Win32.ActiveCfg = Debug|Win32
		{1D932ED0-33E5-4493-8C8D-FB162488CAC8}.Debug|Win32.Build.0 = Debug|Win32
		{1D932ED0-33E5-4493-8C8D-FB162488CAC8}.Release|Win32.ActiveCfg = Release|Win32
		{1D932ED0-33E5-4493-8C8D-FB162488CAC8}.Release|Win32.Build.0 = Release|Win32
	EndGlobalSection
	GlobalSection(SolutionProperties) = preSolution
		HideSolutionNode = FALSE
	EndGlobalSection
EndGlobal
